
Microsoft Visual Studio Solution File, Format Version 12.00
# Visual Studio Version 17
VisualStudioVersion = 17.10.35013.160
MinimumVisualStudioVersion = 10.0.40219.1
Project("{9A19103F-16F7-4668-BE54-9A1E7A4F7556}") = "ConsoleApp1", "ConsoleApp1\ConsoleApp1.csproj", "{5FC7A3E1-551F-4040-9351-3FF749FAC632}"
EndProject
Project("{9A19103F-16F7-4668-BE54-9A1E7A4F7556}") = "Jkh.AspireDashboardHosting", "Jkh.AspireDashboardHosting\Jkh.AspireDashboardHosting.csproj", "{F76DD1F5-8420-48C6-B138-FB4A9E5FDC54}"
EndProject
Project("{2150E333-8FDC-42A3-9474-1A3956D46DE8}") = "Solution Items", "Solution Items", "{3DF021D6-BF23-4BFE-BFDC-EC1FD1FE729A}"
	ProjectSection(SolutionItems) = preProject
		Readme.md = Readme.md
	EndProjectSection
EndProject
Global
	GlobalSection(SolutionConfigurationPlatforms) = preSolution
		Debug|Any CPU = Debug|Any CPU
		Release|Any CPU = Release|Any CPU
	EndGlobalSection
	GlobalSection(ProjectConfigurationPlatforms) = postSolution
		{5FC7A3E1-551F-4040-9351-3FF749FAC632}.Debug|Any CPU.ActiveCfg = Debug|Any CPU
		{5FC7A3E1-551F-4040-9351-3FF749FAC632}.Debug|Any CPU.Build.0 = Debug|Any CPU
		{5FC7A3E1-551F-4040-9351-3FF749FAC632}.Release|Any CPU.ActiveCfg = Release|Any CPU
		{5FC7A3E1-551F-4040-9351-3FF749FAC632}.Release|Any CPU.Build.0 = Release|Any CPU
		{F76DD1F5-8420-48C6-B138-FB4A9E5FDC54}.Debug|Any CPU.ActiveCfg = Debug|Any CPU
		{F76DD1F5-8420-48C6-B138-FB4A9E5FDC54}.Debug|Any CPU.Build.0 = Debug|Any CPU
		{F76DD1F5-8420-48C6-B138-FB4A9E5FDC54}.Release|Any CPU.ActiveCfg = Release|Any CPU
		{F76DD1F5-8420-48C6-B138-FB4A9E5FDC54}.Release|Any CPU.Build.0 = Release|Any CPU
	EndGlobalSection
	GlobalSection(SolutionProperties) = preSolution
		HideSolutionNode = FALSE
	EndGlobalSection
	GlobalSection(ExtensibilityGlobals) = postSolution
		SolutionGuid = {C67CE230-BCC2-4153-A8E5-F49B69878C38}
	EndGlobalSection
EndGlobal
